
Microsoft Visual Studio Solution File, Format Version 12.00
# Visual Studio Version 17
VisualStudioVersion = 17.13.35931.197
MinimumVisualStudioVersion = 10.0.40219.1
Project("{2150E333-8FDC-42A3-9474-1A3956D46DE8}") = "Services", "Services", "{02EA681E-C7D8-13C7-8484-4AC65E1B71E8}"
EndProject
Project("{2150E333-8FDC-42A3-9474-1A3956D46DE8}") = "CoralTime.Services.API", "CoralTime.Services.API", "{C99D93E2-4971-4710-8B6D-356273691C1B}"
EndProject
Project("{FAE04EC0-301F-11D3-BF4B-00C04F79EFBC}") = "CoralTime.Services.API", "Services\CoralTime.Services.API\CoralTime\CoralTime.Services.API.csproj", "{F3EE6F0E-D398-9D2E-E825-CF00140B42B7}"
EndProject
Project("{FAE04EC0-301F-11D3-BF4B-00C04F79EFBC}") = "CoralTime.BL", "Services\CoralTime.Services.API\CoralTime.BL\CoralTime.BL.csproj", "{AE81C4D4-8406-B204-3B2B-95BA7DA69CF4}"
EndProject
Project("{FAE04EC0-301F-11D3-BF4B-00C04F79EFBC}") = "CoralTime.Common", "Services\CoralTime.Services.API\CoralTime.Common\CoralTime.Common.csproj", "{920E6FF1-3FF9-42BE-0DE1-D80A22EE3F67}"
EndProject
Project("{FAE04EC0-301F-11D3-BF4B-00C04F79EFBC}") = "CoralTime.DAL", "Services\CoralTime.Services.API\CoralTime.DAL\CoralTime.DAL.csproj", "{8FA508C0-CE91-D1C6-1662-04307E5DE49D}"
EndProject
Project("{FAE04EC0-301F-11D3-BF4B-00C04F79EFBC}") = "CoralTime.MySqlMigrations", "Services\CoralTime.Services.API\CoralTime.MySqlMigrations\CoralTime.MySqlMigrations.csproj", "{C7B9061B-0485-F040-709C-7BA0E1A8E792}"
EndProject
Project("{FAE04EC0-301F-11D3-BF4B-00C04F79EFBC}") = "CoralTime.ViewModels", "Services\CoralTime.Services.API\CoralTime.ViewModels\CoralTime.ViewModels.csproj", "{8FD7099E-F77D-605F-39A8-CDD93E98FDB8}"
EndProject
Project("{2150E333-8FDC-42A3-9474-1A3956D46DE8}") = "Clients", "Clients", "{AD528D5A-4298-4D22-8850-552CFAAECF20}"
EndProject
Project("{2150E333-8FDC-42A3-9474-1A3956D46DE8}") = "coraltime.clients.web", "coraltime.clients.web", "{2EF5631D-DA76-46FF-A94F-051B7AF06729}"
EndProject
Project("{54A90642-561A-4BB1-A94E-469ADEE60C69}") = "coraltime.clients.web", "Clients\coraltime.clients.web\coraltime.clients.web.esproj", "{53D605FF-9BAA-7031-CCF0-99EE83E97EE5}"
EndProject
Project("{2150E333-8FDC-42A3-9474-1A3956D46DE8}") = "Tests", "Tests", "{24E48FEA-D6AF-4AE7-AE49-2B9172836BF6}"
EndProject
Project("{2150E333-8FDC-42A3-9474-1A3956D46DE8}") = "CoralTime.Services.VSTS", "CoralTime.Services.VSTS", "{F2F45F0E-39E4-4AC3-8351-4C3BA27E8017}"
EndProject
Project("{FAE04EC0-301F-11D3-BF4B-00C04F79EFBC}") = "CoralTime.Services.VSTS", "Services\CoralTime.Services.VSTS\CoralTime.Services.VSTS.csproj", "{392A6E0D-F267-4280-AB44-035B64E05241}"
EndProject
Project("{2150E333-8FDC-42A3-9474-1A3956D46DE8}") = "CoralTime.Tests", "CoralTime.Tests", "{CF16329A-B8D0-4A19-86C0-B663E975DA9E}"
EndProject
Project("{FAE04EC0-301F-11D3-BF4B-00C04F79EFBC}") = "CoralTime.Tests", "Tests\CoralTime.Tests\CoralTime.Tests.csproj", "{E8F09CFF-6991-FBBF-D70C-587D1E891712}"
EndProject
Global
	GlobalSection(SolutionConfigurationPlatforms) = preSolution
		Debug|Any CPU = Debug|Any CPU
		Release|Any CPU = Release|Any CPU
	EndGlobalSection
	GlobalSection(ProjectConfigurationPlatforms) = postSolution
		{F3EE6F0E-D398-9D2E-E825-CF00140B42B7}.Debug|Any CPU.ActiveCfg = Debug|Any CPU
		{F3EE6F0E-D398-9D2E-E825-CF00140B42B7}.Debug|Any CPU.Build.0 = Debug|Any CPU
		{F3EE6F0E-D398-9D2E-E825-CF00140B42B7}.Release|Any CPU.ActiveCfg = Release|Any CPU
		{F3EE6F0E-D398-9D2E-E825-CF00140B42B7}.Release|Any CPU.Build.0 = Release|Any CPU
		{AE81C4D4-8406-B204-3B2B-95BA7DA69CF4}.Debug|Any CPU.ActiveCfg = Debug|Any CPU
		{AE81C4D4-8406-B204-3B2B-95BA7DA69CF4}.Debug|Any CPU.Build.0 = Debug|Any CPU
		{AE81C4D4-8406-B204-3B2B-95BA7DA69CF4}.Release|Any CPU.ActiveCfg = Release|Any CPU
		{AE81C4D4-8406-B204-3B2B-95BA7DA69CF4}.Release|Any CPU.Build.0 = Release|Any CPU
		{920E6FF1-3FF9-42BE-0DE1-D80A22EE3F67}.Debug|Any CPU.ActiveCfg = Debug|Any CPU
		{920E6FF1-3FF9-42BE-0DE1-D80A22EE3F67}.Debug|Any CPU.Build.0 = Debug|Any CPU
		{920E6FF1-3FF9-42BE-0DE1-D80A22EE3F67}.Release|Any CPU.ActiveCfg = Release|Any CPU
		{920E6FF1-3FF9-42BE-0DE1-D80A22EE3F67}.Release|Any CPU.Build.0 = Release|Any CPU
		{8FA508C0-CE91-D1C6-1662-04307E5DE49D}.Debug|Any CPU.ActiveCfg = Debug|Any CPU
		{8FA508C0-CE91-D1C6-1662-04307E5DE49D}.Debug|Any CPU.Build.0 = Debug|Any CPU
		{8FA508C0-CE91-D1C6-1662-04307E5DE49D}.Release|Any CPU.ActiveCfg = Release|Any CPU
		{8FA508C0-CE91-D1C6-1662-04307E5DE49D}.Release|Any CPU.Build.0 = Release|Any CPU
		{C7B9061B-0485-F040-709C-7BA0E1A8E792}.Debug|Any CPU.ActiveCfg = Debug|Any CPU
		{C7B9061B-0485-F040-709C-7BA0E1A8E792}.Debug|Any CPU.Build.0 = Debug|Any CPU
		{C7B9061B-0485-F040-709C-7BA0E1A8E792}.Release|Any CPU.ActiveCfg = Release|Any CPU
		{C7B9061B-0485-F040-709C-7BA0E1A8E792}.Release|Any CPU.Build.0 = Release|Any CPU
		{8FD7099E-F77D-605F-39A8-CDD93E98FDB8}.Debug|Any CPU.ActiveCfg = Debug|Any CPU
		{8FD7099E-F77D-605F-39A8-CDD93E98FDB8}.Debug|Any CPU.Build.0 = Debug|Any CPU
		{8FD7099E-F77D-605F-39A8-CDD93E98FDB8}.Release|Any CPU.ActiveCfg = Release|Any CPU
		{8FD7099E-F77D-605F-39A8-CDD93E98FDB8}.Release|Any CPU.Build.0 = Release|Any CPU
		{53D605FF-9BAA-7031-CCF0-99EE83E97EE5}.Debug|Any CPU.ActiveCfg = Debug|Any CPU
		{53D605FF-9BAA-7031-CCF0-99EE83E97EE5}.Debug|Any CPU.Build.0 = Debug|Any CPU
		{53D605FF-9BAA-7031-CCF0-99EE83E97EE5}.Debug|Any CPU.Deploy.0 = Debug|Any CPU
		{53D605FF-9BAA-7031-CCF0-99EE83E97EE5}.Release|Any CPU.ActiveCfg = Release|Any CPU
		{53D605FF-9BAA-7031-CCF0-99EE83E97EE5}.Release|Any CPU.Build.0 = Release|Any CPU
		{53D605FF-9BAA-7031-CCF0-99EE83E97EE5}.Release|Any CPU.Deploy.0 = Release|Any CPU
		{392A6E0D-F267-4280-AB44-035B64E05241}.Debug|Any CPU.ActiveCfg = Debug|Any CPU
		{392A6E0D-F267-4280-AB44-035B64E05241}.Debug|Any CPU.Build.0 = Debug|Any CPU
		{392A6E0D-F267-4280-AB44-035B64E05241}.Release|Any CPU.ActiveCfg = Release|Any CPU
		{392A6E0D-F267-4280-AB44-035B64E05241}.Release|Any CPU.Build.0 = Release|Any CPU
		{E8F09CFF-6991-FBBF-D70C-587D1E891712}.Debug|Any CPU.ActiveCfg = Debug|Any CPU
		{E8F09CFF-6991-FBBF-D70C-587D1E891712}.Debug|Any CPU.Build.0 = Debug|Any CPU
		{E8F09CFF-6991-FBBF-D70C-587D1E891712}.Release|Any CPU.ActiveCfg = Release|Any CPU
		{E8F09CFF-6991-FBBF-D70C-587D1E891712}.Release|Any CPU.Build.0 = Release|Any CPU
	EndGlobalSection
	GlobalSection(SolutionProperties) = preSolution
		HideSolutionNode = FALSE
	EndGlobalSection
	GlobalSection(NestedProjects) = preSolution
		{C99D93E2-4971-4710-8B6D-356273691C1B} = {02EA681E-C7D8-13C7-8484-4AC65E1B71E8}
		{F3EE6F0E-D398-9D2E-E825-CF00140B42B7} = {C99D93E2-4971-4710-8B6D-356273691C1B}
		{AE81C4D4-8406-B204-3B2B-95BA7DA69CF4} = {C99D93E2-4971-4710-8B6D-356273691C1B}
		{920E6FF1-3FF9-42BE-0DE1-D80A22EE3F67} = {C99D93E2-4971-4710-8B6D-356273691C1B}
		{8FA508C0-CE91-D1C6-1662-04307E5DE49D} = {C99D93E2-4971-4710-8B6D-356273691C1B}
		{C7B9061B-0485-F040-709C-7BA0E1A8E792} = {C99D93E2-4971-4710-8B6D-356273691C1B}
		{8FD7099E-F77D-605F-39A8-CDD93E98FDB8} = {C99D93E2-4971-4710-8B6D-356273691C1B}
		{2EF5631D-DA76-46FF-A94F-051B7AF06729} = {AD528D5A-4298-4D22-8850-552CFAAECF20}
		{53D605FF-9BAA-7031-CCF0-99EE83E97EE5} = {2EF5631D-DA76-46FF-A94F-051B7AF06729}
		{F2F45F0E-39E4-4AC3-8351-4C3BA27E8017} = {02EA681E-C7D8-13C7-8484-4AC65E1B71E8}
		{392A6E0D-F267-4280-AB44-035B64E05241} = {F2F45F0E-39E4-4AC3-8351-4C3BA27E8017}
		{CF16329A-B8D0-4A19-86C0-B663E975DA9E} = {24E48FEA-D6AF-4AE7-AE49-2B9172836BF6}
		{E8F09CFF-6991-FBBF-D70C-587D1E891712} = {CF16329A-B8D0-4A19-86C0-B663E975DA9E}
	EndGlobalSection
	GlobalSection(ExtensibilityGlobals) = postSolution
		SolutionGuid = {04A3D7E2-2836-4FC8-8CE1-6B225FCD3C44}
	EndGlobalSection
EndGlobal
